{
    "version": 3,
    "terraform_version": "0.11.7",
    "serial": 6,
    "lineage": "3767c332-834d-87b2-fbfb-8de4ca665b4a",
    "modules": [
        {
            "path": [
                "root"
            ],
            "outputs": {},
            "resources": {
                "openstack_compute_flavor_v2.test-flavor": {
                    "type": "openstack_compute_flavor_v2",
                    "depends_on": [],
                    "primary": {
                        "id": "82dcb5e4-8b87-46a7-ba32-3c7d196e543b",
                        "attributes": {
                            "disk": "20",
                            "extra_specs.%": "2",
                            "extra_specs.hw:cpu_policy": "CPU-POLICY",
                            "extra_specs.hw:cpu_thread_policy": "CPU-THREAD-POLICY",
                            "id": "82dcb5e4-8b87-46a7-ba32-3c7d196e543b",
                            "is_public": "false",
                            "name": "my-flavor",
                            "ram": "8096",
                            "region": "",
                            "rx_tx_factor": "1",
                            "swap": "0",
                            "vcpus": "2"
                        },
                        "meta": {},
                        "tainted": false
                    },
                    "deposed": [],
                    "provider": "provider.openstack"
                },
                "openstack_compute_instance_v2.web.0": {
                    "type": "openstack_compute_instance_v2",
                    "depends_on": [],
                    "primary": {
                        "id": "24d32469-aa0b-40be-bffd-15cc664de416",
                        "attributes": {
                            "access_ip_v4": "11.0.0.9",
                            "access_ip_v6": "",
                            "all_metadata.%": "0",
                            "availability_zone": "nova",
                            "flavor_id": "00b81a2c-a32a-4219-8060-4e7f3f8a9b26",
                            "flavor_name": "medium",
                            "force_delete": "false",
                            "id": "24d32469-aa0b-40be-bffd-15cc664de416",
                            "image_id": "beca624a-2f3c-40d5-83ae-bfdecbbedffa",
                            "image_name": "CloudInitImage_proxyEnabled",
                            "name": "adya_ubuntu_ngnix-001",
                            "network.#": "1",
                            "network.0.access_network": "false",
                            "network.0.fixed_ip_v4": "11.0.0.9",
                            "network.0.fixed_ip_v6": "",
                            "network.0.floating_ip": "",
                            "network.0.mac": "fa:16:3e:25:bd:a3",
                            "network.0.name": "proj_0001",
                            "network.0.port": "",
                            "network.0.uuid": "ff5872e9-5a8c-45d0-80f4-00aff7f67e6e",
                            "region": "",
                            "security_groups.#": "1",
                            "security_groups.3814588639": "default",
                            "stop_before_destroy": "false",
                            "user_data": "9de222c1edaf93e8b3f0622fa1efbdcdf3b4dae5"
                        },
                        "meta": {
                            "e2bfb730-ecaa-11e6-8f88-34363bc7c4c0": {
                                "create": 1800000000000,
                                "delete": 1800000000000,
                                "update": 1800000000000
                            }
                        },
                        "tainted": false
                    },
                    "deposed": [],
                    "provider": "provider.openstack"
                },
                "openstack_compute_instance_v2.web.1": {
                    "type": "openstack_compute_instance_v2",
                    "depends_on": [],
                    "primary": {
                        "id": "eb704c20-4cf2-4523-80a7-de149df7ebf7",
                        "attributes": {
                            "access_ip_v4": "11.0.0.14",
                            "access_ip_v6": "",
                            "all_metadata.%": "0",
                            "availability_zone": "nova",
                            "flavor_id": "00b81a2c-a32a-4219-8060-4e7f3f8a9b26",
                            "flavor_name": "medium",
                            "force_delete": "false",
                            "id": "eb704c20-4cf2-4523-80a7-de149df7ebf7",
                            "image_id": "beca624a-2f3c-40d5-83ae-bfdecbbedffa",
                            "image_name": "CloudInitImage_proxyEnabled",
                            "name": "adya_ubuntu_ngnix-002",
                            "network.#": "1",
                            "network.0.access_network": "false",
                            "network.0.fixed_ip_v4": "11.0.0.14",
                            "network.0.fixed_ip_v6": "",
                            "network.0.floating_ip": "",
                            "network.0.mac": "fa:16:3e:c7:a2:12",
                            "network.0.name": "proj_0001",
                            "network.0.port": "",
                            "network.0.uuid": "ff5872e9-5a8c-45d0-80f4-00aff7f67e6e",
                            "region": "",
                            "security_groups.#": "1",
                            "security_groups.3814588639": "default",
                            "stop_before_destroy": "false",
                            "user_data": "9de222c1edaf93e8b3f0622fa1efbdcdf3b4dae5"
                        },
                        "meta": {
                            "e2bfb730-ecaa-11e6-8f88-34363bc7c4c0": {
                                "create": 1800000000000,
                                "delete": 1800000000000,
                                "update": 1800000000000
                            }
                        },
                        "tainted": false
                    },
                    "deposed": [],
                    "provider": "provider.openstack"
                }
            },
            "depends_on": []
        }
    ]
}
